
Microsoft Visual Studio Solution File, Format Version 12.00
# Visual Studio 2013
VisualStudioVersion = 12.0.40629.0
MinimumVisualStudioVersion = 10.0.40219.1
Project("{FAE04EC0-301F-11D3-BF4B-00C04F79EFBC}") = "Diff_FF", "Diff_FF\Diff_FF.btproj", "{2B1BA6DD-1549-446B-95BE-7712718F169A}"
EndProject
Project("{FAE04EC0-301F-11D3-BF4B-00C04F79EFBC}") = "Temp_Sql", "Temp_Sql\Temp_Sql.btproj", "{8CECC531-7F9F-40CB-8AD8-AFC90CD7A1B0}"
EndProject
Global
	GlobalSection(SolutionConfigurationPlatforms) = preSolution
		Debug|Any CPU = Debug|Any CPU
		Release|Any CPU = Release|Any CPU
	EndGlobalSection
	GlobalSection(ProjectConfigurationPlatforms) = postSolution
		{2B1BA6DD-1549-446B-95BE-7712718F169A}.Debug|Any CPU.ActiveCfg = Debug|Any CPU
		{2B1BA6DD-1549-446B-95BE-7712718F169A}.Debug|Any CPU.Build.0 = Debug|Any CPU
		{2B1BA6DD-1549-446B-95BE-7712718F169A}.Debug|Any CPU.Deploy.0 = Debug|Any CPU
		{2B1BA6DD-1549-446B-95BE-7712718F169A}.Release|Any CPU.ActiveCfg = Release|Any CPU
		{2B1BA6DD-1549-446B-95BE-7712718F169A}.Release|Any CPU.Build.0 = Release|Any CPU
		{2B1BA6DD-1549-446B-95BE-7712718F169A}.Release|Any CPU.Deploy.0 = Release|Any CPU
		{8CECC531-7F9F-40CB-8AD8-AFC90CD7A1B0}.Debug|Any CPU.ActiveCfg = Debug|Any CPU
		{8CECC531-7F9F-40CB-8AD8-AFC90CD7A1B0}.Debug|Any CPU.Build.0 = Debug|Any CPU
		{8CECC531-7F9F-40CB-8AD8-AFC90CD7A1B0}.Debug|Any CPU.Deploy.0 = Debug|Any CPU
		{8CECC531-7F9F-40CB-8AD8-AFC90CD7A1B0}.Release|Any CPU.ActiveCfg = Release|Any CPU
		{8CECC531-7F9F-40CB-8AD8-AFC90CD7A1B0}.Release|Any CPU.Build.0 = Release|Any CPU
		{8CECC531-7F9F-40CB-8AD8-AFC90CD7A1B0}.Release|Any CPU.Deploy.0 = Release|Any CPU
	EndGlobalSection
	GlobalSection(SolutionProperties) = preSolution
		HideSolutionNode = FALSE
	EndGlobalSection
EndGlobal
