
Microsoft Visual Studio Solution File, Format Version 12.00
# Visual Studio 2013
VisualStudioVersion = 12.0.40629.0
MinimumVisualStudioVersion = 10.0.40219.1
Project("{FAE04EC0-301F-11D3-BF4B-00C04F79EFBC}") = "temp_wxcf", "temp_wxcf\temp_wxcf.csproj", "{97695711-6487-42A8-92AB-C3D8F2996F66}"
EndProject
Project("{FAE04EC0-301F-11D3-BF4B-00C04F79EFBC}") = "Temp_biz", "Temp_biz\Temp_biz.btproj", "{317BC7EE-E309-4725-AE63-BF2221FF8C7D}"
	ProjectSection(ProjectDependencies) = postProject
		{97695711-6487-42A8-92AB-C3D8F2996F66} = {97695711-6487-42A8-92AB-C3D8F2996F66}
	EndProjectSection
EndProject
Global
	GlobalSection(SolutionConfigurationPlatforms) = preSolution
		Debug|Any CPU = Debug|Any CPU
		Release|Any CPU = Release|Any CPU
	EndGlobalSection
	GlobalSection(ProjectConfigurationPlatforms) = postSolution
		{97695711-6487-42A8-92AB-C3D8F2996F66}.Debug|Any CPU.ActiveCfg = Debug|Any CPU
		{97695711-6487-42A8-92AB-C3D8F2996F66}.Debug|Any CPU.Build.0 = Debug|Any CPU
		{97695711-6487-42A8-92AB-C3D8F2996F66}.Release|Any CPU.ActiveCfg = Release|Any CPU
		{97695711-6487-42A8-92AB-C3D8F2996F66}.Release|Any CPU.Build.0 = Release|Any CPU
		{317BC7EE-E309-4725-AE63-BF2221FF8C7D}.Debug|Any CPU.ActiveCfg = Debug|Any CPU
		{317BC7EE-E309-4725-AE63-BF2221FF8C7D}.Debug|Any CPU.Build.0 = Debug|Any CPU
		{317BC7EE-E309-4725-AE63-BF2221FF8C7D}.Debug|Any CPU.Deploy.0 = Debug|Any CPU
		{317BC7EE-E309-4725-AE63-BF2221FF8C7D}.Release|Any CPU.ActiveCfg = Release|Any CPU
		{317BC7EE-E309-4725-AE63-BF2221FF8C7D}.Release|Any CPU.Build.0 = Release|Any CPU
		{317BC7EE-E309-4725-AE63-BF2221FF8C7D}.Release|Any CPU.Deploy.0 = Release|Any CPU
	EndGlobalSection
	GlobalSection(SolutionProperties) = preSolution
		HideSolutionNode = FALSE
	EndGlobalSection
EndGlobal
