
Microsoft Visual Studio Solution File, Format Version 12.00
# Visual Studio 2013
VisualStudioVersion = 12.0.40629.0
MinimumVisualStudioVersion = 10.0.40219.1
Project("{FAE04EC0-301F-11D3-BF4B-00C04F79EFBC}") = "TestWCFExample", "TestWCFExample\TestWCFExample.csproj", "{EE10E0B0-0C48-43F0-B2DC-C7D17E3DE704}"
EndProject
Global
	GlobalSection(SolutionConfigurationPlatforms) = preSolution
		Debug|Any CPU = Debug|Any CPU
		Release|Any CPU = Release|Any CPU
	EndGlobalSection
	GlobalSection(ProjectConfigurationPlatforms) = postSolution
		{EE10E0B0-0C48-43F0-B2DC-C7D17E3DE704}.Debug|Any CPU.ActiveCfg = Debug|Any CPU
		{EE10E0B0-0C48-43F0-B2DC-C7D17E3DE704}.Debug|Any CPU.Build.0 = Debug|Any CPU
		{EE10E0B0-0C48-43F0-B2DC-C7D17E3DE704}.Release|Any CPU.ActiveCfg = Release|Any CPU
		{EE10E0B0-0C48-43F0-B2DC-C7D17E3DE704}.Release|Any CPU.Build.0 = Release|Any CPU
	EndGlobalSection
	GlobalSection(SolutionProperties) = preSolution
		HideSolutionNode = FALSE
	EndGlobalSection
EndGlobal
