
Microsoft Visual Studio Solution File, Format Version 12.00
# Visual Studio 2013
VisualStudioVersion = 12.0.40629.0
MinimumVisualStudioVersion = 10.0.40219.1
Project("{FAE04EC0-301F-11D3-BF4B-00C04F79EFBC}") = "Test_wcf", "Test_wcf\Test_wcf.csproj", "{99FBBF05-4199-4DFF-87E0-ADE578D5A082}"
EndProject
Project("{FAE04EC0-301F-11D3-BF4B-00C04F79EFBC}") = "Biz_wcf", "Biz_wcf\Biz_wcf.btproj", "{99281BE1-7679-408A-B8E4-DCC4F7D96E7D}"
	ProjectSection(ProjectDependencies) = postProject
		{99FBBF05-4199-4DFF-87E0-ADE578D5A082} = {99FBBF05-4199-4DFF-87E0-ADE578D5A082}
	EndProjectSection
EndProject
Global
	GlobalSection(SolutionConfigurationPlatforms) = preSolution
		Debug|Any CPU = Debug|Any CPU
		Release|Any CPU = Release|Any CPU
	EndGlobalSection
	GlobalSection(ProjectConfigurationPlatforms) = postSolution
		{99FBBF05-4199-4DFF-87E0-ADE578D5A082}.Debug|Any CPU.ActiveCfg = Debug|Any CPU
		{99FBBF05-4199-4DFF-87E0-ADE578D5A082}.Debug|Any CPU.Build.0 = Debug|Any CPU
		{99FBBF05-4199-4DFF-87E0-ADE578D5A082}.Release|Any CPU.ActiveCfg = Release|Any CPU
		{99FBBF05-4199-4DFF-87E0-ADE578D5A082}.Release|Any CPU.Build.0 = Release|Any CPU
		{99281BE1-7679-408A-B8E4-DCC4F7D96E7D}.Debug|Any CPU.ActiveCfg = Debug|Any CPU
		{99281BE1-7679-408A-B8E4-DCC4F7D96E7D}.Debug|Any CPU.Build.0 = Debug|Any CPU
		{99281BE1-7679-408A-B8E4-DCC4F7D96E7D}.Debug|Any CPU.Deploy.0 = Debug|Any CPU
		{99281BE1-7679-408A-B8E4-DCC4F7D96E7D}.Release|Any CPU.ActiveCfg = Release|Any CPU
		{99281BE1-7679-408A-B8E4-DCC4F7D96E7D}.Release|Any CPU.Build.0 = Release|Any CPU
		{99281BE1-7679-408A-B8E4-DCC4F7D96E7D}.Release|Any CPU.Deploy.0 = Release|Any CPU
	EndGlobalSection
	GlobalSection(SolutionProperties) = preSolution
		HideSolutionNode = FALSE
	EndGlobalSection
EndGlobal
