
Microsoft Visual Studio Solution File, Format Version 12.00
# Visual Studio 2013
VisualStudioVersion = 12.0.40629.0
MinimumVisualStudioVersion = 10.0.40219.1
Project("{FAE04EC0-301F-11D3-BF4B-00C04F79EFBC}") = "ClassLibrary1", "ClassLibrary1\ClassLibrary1.csproj", "{02C64455-CA41-4A45-9414-5E06DCF3C2C3}"
EndProject
Project("{FAE04EC0-301F-11D3-BF4B-00C04F79EFBC}") = "Helper_Add_Biz", "..\Helper_Add_Biz\Helper_Add_Biz.btproj", "{EA70788E-56C6-404B-A581-767542ACFA19}"
EndProject
Global
	GlobalSection(SolutionConfigurationPlatforms) = preSolution
		Debug|Any CPU = Debug|Any CPU
		Release|Any CPU = Release|Any CPU
	EndGlobalSection
	GlobalSection(ProjectConfigurationPlatforms) = postSolution
		{02C64455-CA41-4A45-9414-5E06DCF3C2C3}.Debug|Any CPU.ActiveCfg = Debug|Any CPU
		{02C64455-CA41-4A45-9414-5E06DCF3C2C3}.Debug|Any CPU.Build.0 = Debug|Any CPU
		{02C64455-CA41-4A45-9414-5E06DCF3C2C3}.Release|Any CPU.ActiveCfg = Release|Any CPU
		{02C64455-CA41-4A45-9414-5E06DCF3C2C3}.Release|Any CPU.Build.0 = Release|Any CPU
		{EA70788E-56C6-404B-A581-767542ACFA19}.Debug|Any CPU.ActiveCfg = Debug|Any CPU
		{EA70788E-56C6-404B-A581-767542ACFA19}.Debug|Any CPU.Build.0 = Debug|Any CPU
		{EA70788E-56C6-404B-A581-767542ACFA19}.Debug|Any CPU.Deploy.0 = Debug|Any CPU
		{EA70788E-56C6-404B-A581-767542ACFA19}.Release|Any CPU.ActiveCfg = Release|Any CPU
		{EA70788E-56C6-404B-A581-767542ACFA19}.Release|Any CPU.Build.0 = Release|Any CPU
		{EA70788E-56C6-404B-A581-767542ACFA19}.Release|Any CPU.Deploy.0 = Release|Any CPU
	EndGlobalSection
	GlobalSection(SolutionProperties) = preSolution
		HideSolutionNode = FALSE
	EndGlobalSection
EndGlobal
