
Microsoft Visual Studio Solution File, Format Version 12.00
# Visual Studio 2013
VisualStudioVersion = 12.0.40629.0
MinimumVisualStudioVersion = 10.0.40219.1
Project("{FAE04EC0-301F-11D3-BF4B-00C04F79EFBC}") = "Temp_rest", "Temp_rest\Temp_rest.btproj", "{88AA79AA-36DB-4479-A7C6-AB42B825A72F}"
EndProject
Global
	GlobalSection(SolutionConfigurationPlatforms) = preSolution
		Debug|Any CPU = Debug|Any CPU
		Release|Any CPU = Release|Any CPU
	EndGlobalSection
	GlobalSection(ProjectConfigurationPlatforms) = postSolution
		{88AA79AA-36DB-4479-A7C6-AB42B825A72F}.Debug|Any CPU.ActiveCfg = Debug|Any CPU
		{88AA79AA-36DB-4479-A7C6-AB42B825A72F}.Debug|Any CPU.Build.0 = Debug|Any CPU
		{88AA79AA-36DB-4479-A7C6-AB42B825A72F}.Debug|Any CPU.Deploy.0 = Debug|Any CPU
		{88AA79AA-36DB-4479-A7C6-AB42B825A72F}.Release|Any CPU.ActiveCfg = Release|Any CPU
		{88AA79AA-36DB-4479-A7C6-AB42B825A72F}.Release|Any CPU.Build.0 = Release|Any CPU
		{88AA79AA-36DB-4479-A7C6-AB42B825A72F}.Release|Any CPU.Deploy.0 = Release|Any CPU
	EndGlobalSection
	GlobalSection(SolutionProperties) = preSolution
		HideSolutionNode = FALSE
	EndGlobalSection
EndGlobal
