
Microsoft Visual Studio Solution File, Format Version 12.00
# Visual Studio 2013
VisualStudioVersion = 12.0.40629.0
MinimumVisualStudioVersion = 10.0.40219.1
Project("{FAE04EC0-301F-11D3-BF4B-00C04F79EFBC}") = "BizTalk Server Project1", "BizTalk Server Project1\BizTalk Server Project1.btproj", "{96FED301-10B2-4B40-B275-F3F3E61DF71A}"
EndProject
Project("{FAE04EC0-301F-11D3-BF4B-00C04F79EFBC}") = "Removing_Header", "Removing_Header\Removing_Header.btproj", "{A810601A-17F9-4BF5-AB6F-AD1D2C0D588E}"
EndProject
Global
	GlobalSection(SolutionConfigurationPlatforms) = preSolution
		Debug|Any CPU = Debug|Any CPU
		Release|Any CPU = Release|Any CPU
	EndGlobalSection
	GlobalSection(ProjectConfigurationPlatforms) = postSolution
		{96FED301-10B2-4B40-B275-F3F3E61DF71A}.Debug|Any CPU.ActiveCfg = Debug|Any CPU
		{96FED301-10B2-4B40-B275-F3F3E61DF71A}.Debug|Any CPU.Build.0 = Debug|Any CPU
		{96FED301-10B2-4B40-B275-F3F3E61DF71A}.Debug|Any CPU.Deploy.0 = Debug|Any CPU
		{96FED301-10B2-4B40-B275-F3F3E61DF71A}.Release|Any CPU.ActiveCfg = Release|Any CPU
		{96FED301-10B2-4B40-B275-F3F3E61DF71A}.Release|Any CPU.Build.0 = Release|Any CPU
		{96FED301-10B2-4B40-B275-F3F3E61DF71A}.Release|Any CPU.Deploy.0 = Release|Any CPU
		{A810601A-17F9-4BF5-AB6F-AD1D2C0D588E}.Debug|Any CPU.ActiveCfg = Debug|Any CPU
		{A810601A-17F9-4BF5-AB6F-AD1D2C0D588E}.Debug|Any CPU.Build.0 = Debug|Any CPU
		{A810601A-17F9-4BF5-AB6F-AD1D2C0D588E}.Debug|Any CPU.Deploy.0 = Debug|Any CPU
		{A810601A-17F9-4BF5-AB6F-AD1D2C0D588E}.Release|Any CPU.ActiveCfg = Release|Any CPU
		{A810601A-17F9-4BF5-AB6F-AD1D2C0D588E}.Release|Any CPU.Build.0 = Release|Any CPU
		{A810601A-17F9-4BF5-AB6F-AD1D2C0D588E}.Release|Any CPU.Deploy.0 = Release|Any CPU
	EndGlobalSection
	GlobalSection(SolutionProperties) = preSolution
		HideSolutionNode = FALSE
	EndGlobalSection
EndGlobal
