
Microsoft Visual Studio Solution File, Format Version 12.00
# Visual Studio 2013
VisualStudioVersion = 12.0.40629.0
MinimumVisualStudioVersion = 10.0.40219.1
Project("{FAE04EC0-301F-11D3-BF4B-00C04F79EFBC}") = "EdiSample", "EdiSample\EdiSample.btproj", "{BA95A737-412C-433A-999A-13074B5C645A}"
EndProject
Global
	GlobalSection(SolutionConfigurationPlatforms) = preSolution
		Debug|Any CPU = Debug|Any CPU
		Release|Any CPU = Release|Any CPU
	EndGlobalSection
	GlobalSection(ProjectConfigurationPlatforms) = postSolution
		{BA95A737-412C-433A-999A-13074B5C645A}.Debug|Any CPU.ActiveCfg = Debug|Any CPU
		{BA95A737-412C-433A-999A-13074B5C645A}.Debug|Any CPU.Build.0 = Debug|Any CPU
		{BA95A737-412C-433A-999A-13074B5C645A}.Debug|Any CPU.Deploy.0 = Debug|Any CPU
		{BA95A737-412C-433A-999A-13074B5C645A}.Release|Any CPU.ActiveCfg = Release|Any CPU
		{BA95A737-412C-433A-999A-13074B5C645A}.Release|Any CPU.Build.0 = Release|Any CPU
		{BA95A737-412C-433A-999A-13074B5C645A}.Release|Any CPU.Deploy.0 = Release|Any CPU
	EndGlobalSection
	GlobalSection(SolutionProperties) = preSolution
		HideSolutionNode = FALSE
	EndGlobalSection
EndGlobal
